
Microsoft Visual Studio Solution File, Format Version 12.00
# Visual Studio Version 17
VisualStudioVersion = 17.14.36202.13 d17.14
MinimumVisualStudioVersion = 10.0.40219.1
Project("{FAE04EC0-301F-11D3-BF4B-00C04F79EFBC}") = "UserService.gRPC", "UserService.gRPC.csproj", "{8B4EFC48-0C60-4C37-84E5-A6E991D0947A}"
EndProject
Global
	GlobalSection(SolutionConfigurationPlatforms) = preSolution
		Debug|Any CPU = Debug|Any CPU
		Release|Any CPU = Release|Any CPU
	EndGlobalSection
	GlobalSection(ProjectConfigurationPlatforms) = postSolution
		{8B4EFC48-0C60-4C37-84E5-A6E991D0947A}.Debug|Any CPU.ActiveCfg = Debug|Any CPU
		{8B4EFC48-0C60-4C37-84E5-A6E991D0947A}.Debug|Any CPU.Build.0 = Debug|Any CPU
		{8B4EFC48-0C60-4C37-84E5-A6E991D0947A}.Release|Any CPU.ActiveCfg = Release|Any CPU
		{8B4EFC48-0C60-4C37-84E5-A6E991D0947A}.Release|Any CPU.Build.0 = Release|Any CPU
	EndGlobalSection
	GlobalSection(SolutionProperties) = preSolution
		HideSolutionNode = FALSE
	EndGlobalSection
	GlobalSection(ExtensibilityGlobals) = postSolution
		SolutionGuid = {F11B6179-1F30-4732-AA93-6326ED9E470D}
	EndGlobalSection
EndGlobal
